<?xml version="1.0" encoding="utf-8"?>
<Project ToolsVersion="4.0" xmlns="http://schemas.microsoft.com/developer/msbuild/2003">
  <ItemGroup>
    <Filter Include="Source Files">
      <UniqueIdentifier>{4FC737F1-C7A5-4376-A066-2A32D752A2FF}</UniqueIdentifier>
      <Extensions>cpp;c;cc;cxx;def;odl;idl;hpj;bat;asm;asmx</Extensions>
    </Filter>
    <Filter Include="Header Files">
      <UniqueIdentifier>{93995380-89BD-4b04-88EB-625FBE52EBFB}</UniqueIdentifier>
      <Extensions>h;hh;hpp;hxx;hm;inl;inc;ipp;xsd</Extensions>
    </Filter>
    <Filter Include="Resource Files">
      <UniqueIdentifier>{67DA6AB6-F800-4c08-8B7A-83BB121AAD01}</UniqueIdentifier>
      <Extensions>rc;ico;cur;bmp;dlg;rc2;rct;bin;rgs;gif;jpg;jpeg;jpe;resx;tiff;tif;png;wav;mfcribbon-ms</Extensions>
    </Filter>
  </ItemGroup>
  <ItemGroup>
    <None Include="Dependencies\GLEW\doc\advanced.html" />
    <None Include="Dependencies\GLEW\doc\basic.html" />
    <None Include="Dependencies\GLEW\doc\build.html" />
    <None Include="Dependencies\GLEW\doc\credits.html" />
    <None Include="Dependencies\GLEW\doc\glew.html" />
    <None Include="Dependencies\GLEW\doc\glxew.html" />
    <None Include="Dependencies\GLEW\doc\index.html" />
    <None Include="Dependencies\GLEW\doc\install.html" />
    <None Include="Dependencies\GLEW\doc\log.html" />
    <None Include="Dependencies\GLEW\doc\wglew.html" />
    <None Include="res\shaders\Basic.shader" />
    <None Include="res\shaders\core_vertex_shader.glsl" />
    <None Include="res\shaders\core_fragment_shader.glsl" />
    <None Include="res\shaders\core_fragment_shader(no tex).glsl" />
  </ItemGroup>
  <ItemGroup>
    <ClInclude Include="Dependencies\GLEW\include\GL\eglew.h">
      <Filter>Header Files</Filter>
    </ClInclude>
    <ClInclude Include="Dependencies\GLEW\include\GL\glew.h">
      <Filter>Header Files</Filter>
    </ClInclude>
    <ClInclude Include="Dependencies\GLEW\include\GL\glxew.h">
      <Filter>Header Files</Filter>
    </ClInclude>
    <ClInclude Include="Dependencies\GLEW\include\GL\wglew.h">
      <Filter>Header Files</Filter>
    </ClInclude>
    <ClInclude Include="Dependencies\GLFW\include\GLFW\glfw3.h">
      <Filter>Header Files</Filter>
    </ClInclude>
    <ClInclude Include="Dependencies\GLFW\include\GLFW\glfw3native.h">
      <Filter>Header Files</Filter>
    </ClInclude>
    <ClInclude Include="src\vendor\stb_image\stb_image.h">
      <Filter>Header Files</Filter>
    </ClInclude>
    <ClInclude Include="src\opengl.h">
      <Filter>Header Files</Filter>
    </ClInclude>
    <ClInclude Include="src\DrawElements.h">
      <Filter>Header Files</Filter>
    </ClInclude>
    <ClInclude Include="src\GUI.h">
      <Filter>Header Files</Filter>
    </ClInclude>
    <ClInclude Include="src\ReadDirectory.h">
      <Filter>Header Files</Filter>
    </ClInclude>
    <ClInclude Include="src\InitWindow.h">
      <Filter>Header Files</Filter>
    </ClInclude>
    <ClInclude Include="src\Controls.h">
      <Filter>Header Files</Filter>
    </ClInclude>
    <ClInclude Include="src\Textures.h">
      <Filter>Header Files</Filter>
    </ClInclude>
    <ClInclude Include="Dependencies\GLFW\Win32\include\GLFW\glfw3native.h">
      <Filter>Header Files</Filter>
    </ClInclude>
    <ClInclude Include="Dependencies\GLFW\Win32\include\GLFW\glfw3.h">
      <Filter>Header Files</Filter>
    </ClInclude>
    <ClInclude Include="src\opencv\opencv.h">
      <Filter>Header Files</Filter>
    </ClInclude>
    <ClInclude Include="src\opencv\Levels.h">
      <Filter>Header Files</Filter>
    </ClInclude>
    <ClInclude Include="src\opencv\convert.h">
      <Filter>Header Files</Filter>
    </ClInclude>
    <ClInclude Include="src\opencv\Histogram.h">
      <Filter>Header Files</Filter>
    </ClInclude>
    <ClInclude Include="src\opencv\DCT.h">
      <Filter>Header Files</Filter>
    </ClInclude>
    <ClInclude Include="src\opencv\Blocks.h">
      <Filter>Header Files</Filter>
    </ClInclude>
    <ClInclude Include="src\opencv\Gauss.h">
      <Filter>Header Files</Filter>
    </ClInclude>
    <ClInclude Include="src\opencv\Canny.h">
      <Filter>Header Files</Filter>
    </ClInclude>
    <ClInclude Include="src\opencv\morph.h">
      <Filter>Header Files</Filter>
    </ClInclude>
    <ClInclude Include="src\opencv\pseudoColor.h">
      <Filter>Header Files</Filter>
    </ClInclude>
  </ItemGroup>
  <ItemGroup>
    <Library Include="Dependencies\GLFW\lib-vc2019\glfw3.lib" />
    <Library Include="Dependencies\GLEW\lib\Release\Win32\glew32s.lib" />
    <Library Include="Dependencies\GLFW\Win32\lib-vc2019\glfw3.lib" />
  </ItemGroup>
  <ItemGroup>
    <ClCompile Include="src\Main.cpp">
      <Filter>Source Files</Filter>
    </ClCompile>
    <ClCompile Include="src\vendor\stb_image\stb_image.cpp">
      <Filter>Source Files</Filter>
    </ClCompile>
    <ClCompile Include="src\DrawElements.cpp">
      <Filter>Source Files</Filter>
    </ClCompile>
    <ClCompile Include="src\GUI.cpp">
      <Filter>Source Files</Filter>
    </ClCompile>
    <ClCompile Include="src\ReadDirectory.cpp">
      <Filter>Source Files</Filter>
    </ClCompile>
    <ClCompile Include="src\InitWindow.cpp">
      <Filter>Source Files</Filter>
    </ClCompile>
    <ClCompile Include="src\Controls.cpp">
      <Filter>Source Files</Filter>
    </ClCompile>
    <ClCompile Include="src\Textures.cpp">
      <Filter>Source Files</Filter>
    </ClCompile>
    <ClCompile Include="src\opencv\convert.cpp">
      <Filter>Source Files</Filter>
    </ClCompile>
    <ClCompile Include="src\opencv\Histogram.cpp">
      <Filter>Source Files</Filter>
    </ClCompile>
    <ClCompile Include="src\opencv\Levels.cpp">
      <Filter>Source Files</Filter>
    </ClCompile>
    <ClCompile Include="src\opencv\opencvapp.cpp">
      <Filter>Source Files</Filter>
    </ClCompile>
    <ClCompile Include="src\opencv\DCT.cpp">
      <Filter>Source Files</Filter>
    </ClCompile>
    <ClCompile Include="src\opencv\Blocks.cpp">
      <Filter>Source Files</Filter>
    </ClCompile>
    <ClCompile Include="src\opencv\Gauss.cpp">
      <Filter>Source Files</Filter>
    </ClCompile>
    <ClCompile Include="src\opencv\Canny.cpp">
      <Filter>Source Files</Filter>
    </ClCompile>
    <ClCompile Include="src\opencv\morph.cpp">
      <Filter>Source Files</Filter>
    </ClCompile>
    <ClCompile Include="src\opencv\pseudoColor.cpp">
      <Filter>Source Files</Filter>
    </ClCompile>
  </ItemGroup>
  <ItemGroup>
    <Image Include="res\textures\tex1.png">
      <Filter>Resource Files</Filter>
    </Image>
    <Image Include="res\textures\tex2.png">
      <Filter>Resource Files</Filter>
    </Image>
    <Image Include="res\textures\symbols\digits\1.png">
      <Filter>Resource Files</Filter>
    </Image>
    <Image Include="res\textures\tab.png">
      <Filter>Resource Files</Filter>
    </Image>
  </ItemGroup>
</Project>